
Microsoft Visual Studio Solution File, Format Version 12.00
# Visual Studio Version 17
VisualStudioVersion = 17.4.33205.214
MinimumVisualStudioVersion = 10.0.40219.1
Project("{FAE04EC0-301F-11D3-BF4B-00C04F79EFBC}") = "Serenity.Core", "Serenity\Serenity.Core\Serenity.Core.csproj", "{F76A7628-D2E9-43CC-A3F4-98F76C33DCDB}"
EndProject
Project("{FAE04EC0-301F-11D3-BF4B-00C04F79EFBC}") = "Serenity.Data", "Serenity\Serenity.Data\Serenity.Data.csproj", "{BF7AC82B-3476-4235-8CC2-58BBA1C4804B}"
EndProject
Project("{FAE04EC0-301F-11D3-BF4B-00C04F79EFBC}") = "Serenity.Data.Entity", "Serenity\Serenity.Data.Entity\Serenity.Data.Entity.csproj", "{7D55C2E1-B805-428E-873A-1EFB55C37DEA}"
EndProject
Project("{FAE04EC0-301F-11D3-BF4B-00C04F79EFBC}") = "Serenity.Services", "Serenity\Serenity.Services\Serenity.Services.csproj", "{027F4308-30BC-458C-9431-7076FE5C6B64}"
EndProject
Project("{FAE04EC0-301F-11D3-BF4B-00C04F79EFBC}") = "Serenity.Web", "Serenity\Serenity.Web\Serenity.Web.csproj", "{8632943D-2A88-4C83-8451-69D62F059EFC}"
EndProject
Project("{FAE04EC0-301F-11D3-BF4B-00C04F79EFBC}") = "Serenity.CodeGenerator", "Serenity\Serenity.CodeGenerator.Net45\Serenity.CodeGenerator.csproj", "{49704C9A-30A2-43DE-AE3D-D13073BA50A4}"
EndProject
Project("{FAE04EC0-301F-11D3-BF4B-00C04F79EFBC}") = "Serenity.Caching.Redis", "Serenity\Serenity.Caching.Redis\Serenity.Caching.Redis.csproj", "{CEBB3CF6-8EED-4F6D-B29B-0EA5FF06FAF4}"
EndProject
Project("{FAE04EC0-301F-11D3-BF4B-00C04F79EFBC}") = "Serenity.TypeScript.CodeGeneration", "Serenity\Serenity.TypeScript.CodeGeneration\Serenity.TypeScript.CodeGeneration.csproj", "{6AC1B628-C759-4B5B-ACD7-75C202C65DFB}"
EndProject
Project("{FAE04EC0-301F-11D3-BF4B-00C04F79EFBC}") = "Serenity.Configuration", "Serenity\Serenity.Configuration\Serenity.Configuration.csproj", "{DE46F56E-9690-4865-856C-6F429F5087DA}"
EndProject
Project("{FAE04EC0-301F-11D3-BF4B-00C04F79EFBC}") = "Application", "Application\Application.csproj", "{E298DC33-D240-4585-AC47-775575246780}"
EndProject
Project("{FAE04EC0-301F-11D3-BF4B-00C04F79EFBC}") = "Serenity.Script.UI", "Serenity\Serenity.Script.UI\Serenity.Script.UI.csproj", "{56E9E208-55D9-4A50-A5B9-6EB22DF6AF0E}"
EndProject
Project("{FAE04EC0-301F-11D3-BF4B-00C04F79EFBC}") = "Serenity.Script.Imports", "Serenity\Serenity.Script.Imports\Serenity.Script.Imports.csproj", "{1E32ED5B-D96E-41D9-B532-577005B0DDB0}"
EndProject
Project("{FAE04EC0-301F-11D3-BF4B-00C04F79EFBC}") = "Serenity.TypeScript.CoreLib", "Serenity\Serenity.TypeScript.CoreLib\Serenity.TypeScript.CoreLib.csproj", "{2C18F028-3783-4BFA-9F2E-AC17591278EC}"
EndProject
Project("{2150E333-8FDC-42A3-9474-1A3956D46DE8}") = "Core", "Core", "{940D55DA-7237-4B9B-B45A-9A5B6598BC52}"
EndProject
Project("{2150E333-8FDC-42A3-9474-1A3956D46DE8}") = "Scripts", "Scripts", "{3852CB30-6CE0-48CD-8AEE-083ADBB5C001}"
EndProject
Project("{2150E333-8FDC-42A3-9474-1A3956D46DE8}") = "Misc", "Misc", "{38CBDFA0-C424-4C2B-9867-9630B9D50961}"
EndProject
Global
	GlobalSection(SolutionConfigurationPlatforms) = preSolution
		Debug|Any CPU = Debug|Any CPU
		Debug|x86 = Debug|x86
		Release|Any CPU = Release|Any CPU
		Release|x86 = Release|x86
	EndGlobalSection
	GlobalSection(ProjectConfigurationPlatforms) = postSolution
		{F76A7628-D2E9-43CC-A3F4-98F76C33DCDB}.Debug|Any CPU.ActiveCfg = Debug|Any CPU
		{F76A7628-D2E9-43CC-A3F4-98F76C33DCDB}.Debug|Any CPU.Build.0 = Debug|Any CPU
		{F76A7628-D2E9-43CC-A3F4-98F76C33DCDB}.Debug|x86.ActiveCfg = Debug|Any CPU
		{F76A7628-D2E9-43CC-A3F4-98F76C33DCDB}.Release|Any CPU.ActiveCfg = Release|Any CPU
		{F76A7628-D2E9-43CC-A3F4-98F76C33DCDB}.Release|Any CPU.Build.0 = Release|Any CPU
		{F76A7628-D2E9-43CC-A3F4-98F76C33DCDB}.Release|x86.ActiveCfg = Release|Any CPU
		{BF7AC82B-3476-4235-8CC2-58BBA1C4804B}.Debug|Any CPU.ActiveCfg = Debug|Any CPU
		{BF7AC82B-3476-4235-8CC2-58BBA1C4804B}.Debug|Any CPU.Build.0 = Debug|Any CPU
		{BF7AC82B-3476-4235-8CC2-58BBA1C4804B}.Debug|x86.ActiveCfg = Debug|Any CPU
		{BF7AC82B-3476-4235-8CC2-58BBA1C4804B}.Release|Any CPU.ActiveCfg = Release|Any CPU
		{BF7AC82B-3476-4235-8CC2-58BBA1C4804B}.Release|Any CPU.Build.0 = Release|Any CPU
		{BF7AC82B-3476-4235-8CC2-58BBA1C4804B}.Release|x86.ActiveCfg = Release|Any CPU
		{7D55C2E1-B805-428E-873A-1EFB55C37DEA}.Debug|Any CPU.ActiveCfg = Debug|Any CPU
		{7D55C2E1-B805-428E-873A-1EFB55C37DEA}.Debug|Any CPU.Build.0 = Debug|Any CPU
		{7D55C2E1-B805-428E-873A-1EFB55C37DEA}.Debug|x86.ActiveCfg = Debug|Any CPU
		{7D55C2E1-B805-428E-873A-1EFB55C37DEA}.Release|Any CPU.ActiveCfg = Release|Any CPU
		{7D55C2E1-B805-428E-873A-1EFB55C37DEA}.Release|Any CPU.Build.0 = Release|Any CPU
		{7D55C2E1-B805-428E-873A-1EFB55C37DEA}.Release|x86.ActiveCfg = Release|Any CPU
		{027F4308-30BC-458C-9431-7076FE5C6B64}.Debug|Any CPU.ActiveCfg = Debug|Any CPU
		{027F4308-30BC-458C-9431-7076FE5C6B64}.Debug|Any CPU.Build.0 = Debug|Any CPU
		{027F4308-30BC-458C-9431-7076FE5C6B64}.Debug|x86.ActiveCfg = Debug|Any CPU
		{027F4308-30BC-458C-9431-7076FE5C6B64}.Release|Any CPU.ActiveCfg = Release|Any CPU
		{027F4308-30BC-458C-9431-7076FE5C6B64}.Release|Any CPU.Build.0 = Release|Any CPU
		{027F4308-30BC-458C-9431-7076FE5C6B64}.Release|x86.ActiveCfg = Release|Any CPU
		{8632943D-2A88-4C83-8451-69D62F059EFC}.Debug|Any CPU.ActiveCfg = Debug|Any CPU
		{8632943D-2A88-4C83-8451-69D62F059EFC}.Debug|Any CPU.Build.0 = Debug|Any CPU
		{8632943D-2A88-4C83-8451-69D62F059EFC}.Debug|x86.ActiveCfg = Debug|Any CPU
		{8632943D-2A88-4C83-8451-69D62F059EFC}.Release|Any CPU.ActiveCfg = Release|Any CPU
		{8632943D-2A88-4C83-8451-69D62F059EFC}.Release|Any CPU.Build.0 = Release|Any CPU
		{8632943D-2A88-4C83-8451-69D62F059EFC}.Release|x86.ActiveCfg = Release|Any CPU
		{49704C9A-30A2-43DE-AE3D-D13073BA50A4}.Debug|Any CPU.ActiveCfg = Debug|Any CPU
		{49704C9A-30A2-43DE-AE3D-D13073BA50A4}.Debug|x86.ActiveCfg = Debug|x86
		{49704C9A-30A2-43DE-AE3D-D13073BA50A4}.Debug|x86.Build.0 = Debug|x86
		{49704C9A-30A2-43DE-AE3D-D13073BA50A4}.Release|Any CPU.ActiveCfg = Release|Any CPU
		{49704C9A-30A2-43DE-AE3D-D13073BA50A4}.Release|Any CPU.Build.0 = Release|Any CPU
		{49704C9A-30A2-43DE-AE3D-D13073BA50A4}.Release|x86.ActiveCfg = Release|x86
		{49704C9A-30A2-43DE-AE3D-D13073BA50A4}.Release|x86.Build.0 = Release|x86
		{CEBB3CF6-8EED-4F6D-B29B-0EA5FF06FAF4}.Debug|Any CPU.ActiveCfg = Debug|Any CPU
		{CEBB3CF6-8EED-4F6D-B29B-0EA5FF06FAF4}.Debug|Any CPU.Build.0 = Debug|Any CPU
		{CEBB3CF6-8EED-4F6D-B29B-0EA5FF06FAF4}.Debug|x86.ActiveCfg = Debug|Any CPU
		{CEBB3CF6-8EED-4F6D-B29B-0EA5FF06FAF4}.Release|Any CPU.ActiveCfg = Release|Any CPU
		{CEBB3CF6-8EED-4F6D-B29B-0EA5FF06FAF4}.Release|Any CPU.Build.0 = Release|Any CPU
		{CEBB3CF6-8EED-4F6D-B29B-0EA5FF06FAF4}.Release|x86.ActiveCfg = Release|Any CPU
		{6AC1B628-C759-4B5B-ACD7-75C202C65DFB}.Debug|Any CPU.ActiveCfg = Debug|Any CPU
		{6AC1B628-C759-4B5B-ACD7-75C202C65DFB}.Debug|x86.ActiveCfg = Debug|Any CPU
		{6AC1B628-C759-4B5B-ACD7-75C202C65DFB}.Debug|x86.Build.0 = Debug|Any CPU
		{6AC1B628-C759-4B5B-ACD7-75C202C65DFB}.Release|Any CPU.ActiveCfg = Release|Any CPU
		{6AC1B628-C759-4B5B-ACD7-75C202C65DFB}.Release|Any CPU.Build.0 = Release|Any CPU
		{6AC1B628-C759-4B5B-ACD7-75C202C65DFB}.Release|x86.ActiveCfg = Release|Any CPU
		{6AC1B628-C759-4B5B-ACD7-75C202C65DFB}.Release|x86.Build.0 = Release|Any CPU
		{DE46F56E-9690-4865-856C-6F429F5087DA}.Debug|Any CPU.ActiveCfg = Debug|Any CPU
		{DE46F56E-9690-4865-856C-6F429F5087DA}.Debug|Any CPU.Build.0 = Debug|Any CPU
		{DE46F56E-9690-4865-856C-6F429F5087DA}.Debug|x86.ActiveCfg = Debug|Any CPU
		{DE46F56E-9690-4865-856C-6F429F5087DA}.Debug|x86.Build.0 = Debug|Any CPU
		{DE46F56E-9690-4865-856C-6F429F5087DA}.Release|Any CPU.ActiveCfg = Release|Any CPU
		{DE46F56E-9690-4865-856C-6F429F5087DA}.Release|Any CPU.Build.0 = Release|Any CPU
		{DE46F56E-9690-4865-856C-6F429F5087DA}.Release|x86.ActiveCfg = Release|Any CPU
		{DE46F56E-9690-4865-856C-6F429F5087DA}.Release|x86.Build.0 = Release|Any CPU
		{E298DC33-D240-4585-AC47-775575246780}.Debug|Any CPU.ActiveCfg = Debug|Any CPU
		{E298DC33-D240-4585-AC47-775575246780}.Debug|Any CPU.Build.0 = Debug|Any CPU
		{E298DC33-D240-4585-AC47-775575246780}.Debug|x86.ActiveCfg = Debug|Any CPU
		{E298DC33-D240-4585-AC47-775575246780}.Debug|x86.Build.0 = Debug|Any CPU
		{E298DC33-D240-4585-AC47-775575246780}.Release|Any CPU.ActiveCfg = Release|Any CPU
		{E298DC33-D240-4585-AC47-775575246780}.Release|Any CPU.Build.0 = Release|Any CPU
		{E298DC33-D240-4585-AC47-775575246780}.Release|x86.ActiveCfg = Release|Any CPU
		{E298DC33-D240-4585-AC47-775575246780}.Release|x86.Build.0 = Release|Any CPU
		{56E9E208-55D9-4A50-A5B9-6EB22DF6AF0E}.Debug|Any CPU.ActiveCfg = Debug|Any CPU
		{56E9E208-55D9-4A50-A5B9-6EB22DF6AF0E}.Debug|x86.ActiveCfg = Debug|Any CPU
		{56E9E208-55D9-4A50-A5B9-6EB22DF6AF0E}.Debug|x86.Build.0 = Debug|Any CPU
		{56E9E208-55D9-4A50-A5B9-6EB22DF6AF0E}.Release|Any CPU.ActiveCfg = Release|Any CPU
		{56E9E208-55D9-4A50-A5B9-6EB22DF6AF0E}.Release|Any CPU.Build.0 = Release|Any CPU
		{56E9E208-55D9-4A50-A5B9-6EB22DF6AF0E}.Release|x86.ActiveCfg = Release|Any CPU
		{56E9E208-55D9-4A50-A5B9-6EB22DF6AF0E}.Release|x86.Build.0 = Release|Any CPU
		{1E32ED5B-D96E-41D9-B532-577005B0DDB0}.Debug|Any CPU.ActiveCfg = Debug|Any CPU
		{1E32ED5B-D96E-41D9-B532-577005B0DDB0}.Debug|Any CPU.Build.0 = Debug|Any CPU
		{1E32ED5B-D96E-41D9-B532-577005B0DDB0}.Debug|x86.ActiveCfg = Debug|Any CPU
		{1E32ED5B-D96E-41D9-B532-577005B0DDB0}.Debug|x86.Build.0 = Debug|Any CPU
		{1E32ED5B-D96E-41D9-B532-577005B0DDB0}.Release|Any CPU.ActiveCfg = Release|Any CPU
		{1E32ED5B-D96E-41D9-B532-577005B0DDB0}.Release|Any CPU.Build.0 = Release|Any CPU
		{1E32ED5B-D96E-41D9-B532-577005B0DDB0}.Release|x86.ActiveCfg = Release|Any CPU
		{1E32ED5B-D96E-41D9-B532-577005B0DDB0}.Release|x86.Build.0 = Release|Any CPU
		{2C18F028-3783-4BFA-9F2E-AC17591278EC}.Debug|Any CPU.ActiveCfg = Debug|Any CPU
		{2C18F028-3783-4BFA-9F2E-AC17591278EC}.Debug|Any CPU.Build.0 = Debug|Any CPU
		{2C18F028-3783-4BFA-9F2E-AC17591278EC}.Debug|x86.ActiveCfg = Debug|Any CPU
		{2C18F028-3783-4BFA-9F2E-AC17591278EC}.Debug|x86.Build.0 = Debug|Any CPU
		{2C18F028-3783-4BFA-9F2E-AC17591278EC}.Release|Any CPU.ActiveCfg = Release|Any CPU
		{2C18F028-3783-4BFA-9F2E-AC17591278EC}.Release|Any CPU.Build.0 = Release|Any CPU
		{2C18F028-3783-4BFA-9F2E-AC17591278EC}.Release|x86.ActiveCfg = Release|Any CPU
		{2C18F028-3783-4BFA-9F2E-AC17591278EC}.Release|x86.Build.0 = Release|Any CPU
	EndGlobalSection
	GlobalSection(SolutionProperties) = preSolution
		HideSolutionNode = FALSE
	EndGlobalSection
	GlobalSection(NestedProjects) = preSolution
		{F76A7628-D2E9-43CC-A3F4-98F76C33DCDB} = {940D55DA-7237-4B9B-B45A-9A5B6598BC52}
		{BF7AC82B-3476-4235-8CC2-58BBA1C4804B} = {940D55DA-7237-4B9B-B45A-9A5B6598BC52}
		{7D55C2E1-B805-428E-873A-1EFB55C37DEA} = {940D55DA-7237-4B9B-B45A-9A5B6598BC52}
		{027F4308-30BC-458C-9431-7076FE5C6B64} = {940D55DA-7237-4B9B-B45A-9A5B6598BC52}
		{8632943D-2A88-4C83-8451-69D62F059EFC} = {940D55DA-7237-4B9B-B45A-9A5B6598BC52}
		{49704C9A-30A2-43DE-AE3D-D13073BA50A4} = {38CBDFA0-C424-4C2B-9867-9630B9D50961}
		{CEBB3CF6-8EED-4F6D-B29B-0EA5FF06FAF4} = {38CBDFA0-C424-4C2B-9867-9630B9D50961}
		{6AC1B628-C759-4B5B-ACD7-75C202C65DFB} = {38CBDFA0-C424-4C2B-9867-9630B9D50961}
		{DE46F56E-9690-4865-856C-6F429F5087DA} = {38CBDFA0-C424-4C2B-9867-9630B9D50961}
		{56E9E208-55D9-4A50-A5B9-6EB22DF6AF0E} = {3852CB30-6CE0-48CD-8AEE-083ADBB5C001}
		{1E32ED5B-D96E-41D9-B532-577005B0DDB0} = {3852CB30-6CE0-48CD-8AEE-083ADBB5C001}
		{2C18F028-3783-4BFA-9F2E-AC17591278EC} = {3852CB30-6CE0-48CD-8AEE-083ADBB5C001}
	EndGlobalSection
	GlobalSection(ExtensibilityGlobals) = postSolution
		SolutionGuid = {3D7D3263-AC19-4055-A0C1-387D576CA3C8}
	EndGlobalSection
EndGlobal
